
Microsoft Visual Studio Solution File, Format Version 12.00
# Visual Studio Version 17
VisualStudioVersion = 17.11.35327.3
MinimumVisualStudioVersion = 10.0.40219.1
Project("{FAE04EC0-301F-11D3-BF4B-00C04F79EFBC}") = "VinylCollection", "VinylCollection\VinylCollection.csproj", "{CBC7EB9D-D58C-4BD7-965A-73B791396A65}"
EndProject
Global
	GlobalSection(SolutionConfigurationPlatforms) = preSolution
		Debug|Any CPU = Debug|Any CPU
		Release|Any CPU = Release|Any CPU
	EndGlobalSection
	GlobalSection(ProjectConfigurationPlatforms) = postSolution
		{CBC7EB9D-D58C-4BD7-965A-73B791396A65}.Debug|Any CPU.ActiveCfg = Debug|Any CPU
		{CBC7EB9D-D58C-4BD7-965A-73B791396A65}.Debug|Any CPU.Build.0 = Debug|Any CPU
		{CBC7EB9D-D58C-4BD7-965A-73B791396A65}.Release|Any CPU.ActiveCfg = Release|Any CPU
		{CBC7EB9D-D58C-4BD7-965A-73B791396A65}.Release|Any CPU.Build.0 = Release|Any CPU
	EndGlobalSection
	GlobalSection(SolutionProperties) = preSolution
		HideSolutionNode = FALSE
	EndGlobalSection
	GlobalSection(ExtensibilityGlobals) = postSolution
		SolutionGuid = {F5112059-A87A-4299-9BD3-6D9B8D0AD46E}
	EndGlobalSection
EndGlobal
